
Microsoft Visual Studio Solution File, Format Version 12.00
# Visual Studio 15
VisualStudioVersion = 15.0.26730.12
MinimumVisualStudioVersion = 10.0.40219.1
Project("{FAE04EC0-301F-11D3-BF4B-00C04F79EFBC}") = "VueJSDemo.Web", "VueJSDemo.Web\VueJSDemo.Web.csproj", "{A3FB1C03-4737-4C05-9D69-B1C60C6F0272}"
EndProject
Global
	GlobalSection(SolutionConfigurationPlatforms) = preSolution
		Debug|Any CPU = Debug|Any CPU
		Release|Any CPU = Release|Any CPU
	EndGlobalSection
	GlobalSection(ProjectConfigurationPlatforms) = postSolution
		{A3FB1C03-4737-4C05-9D69-B1C60C6F0272}.Debug|Any CPU.ActiveCfg = Debug|Any CPU
		{A3FB1C03-4737-4C05-9D69-B1C60C6F0272}.Debug|Any CPU.Build.0 = Debug|Any CPU
		{A3FB1C03-4737-4C05-9D69-B1C60C6F0272}.Release|Any CPU.ActiveCfg = Release|Any CPU
		{A3FB1C03-4737-4C05-9D69-B1C60C6F0272}.Release|Any CPU.Build.0 = Release|Any CPU
	EndGlobalSection
	GlobalSection(SolutionProperties) = preSolution
		HideSolutionNode = FALSE
	EndGlobalSection
	GlobalSection(ExtensibilityGlobals) = postSolution
		SolutionGuid = {BAD08E74-9F57-4703-8630-F2F20D760008}
	EndGlobalSection
EndGlobal
